
Microsoft Visual Studio Solution File, Format Version 12.00
# Visual Studio Version 16
VisualStudioVersion = 16.0.29806.167
MinimumVisualStudioVersion = 10.0.40219.1
Project("{9A19103F-16F7-4668-BE54-9A1E7A4F7556}") = "FluffySpoon.Ngrok.AspNet.Tests", "FluffySpoon.Ngrok.AspNet.Tests\FluffySpoon.Ngrok.AspNet.Tests.csproj", "{62A22276-8B4B-459B-AAC8-32F4A320CCE5}"
EndProject
Project("{FAE04EC0-301F-11D3-BF4B-00C04F79EFBC}") = "FluffySpoon.Ngrok.AspNet", "FluffySpoon.Ngrok.AspNet\FluffySpoon.Ngrok.AspNet.csproj", "{B275FD5F-9CC5-4DDE-8E55-845A187742A0}"
EndProject
Project("{FAE04EC0-301F-11D3-BF4B-00C04F79EFBC}") = "FluffySpoon.Ngrok.AspNet.Sample", "FluffySpoon.Ngrok.AspNet.Sample\FluffySpoon.Ngrok.AspNet.Sample.csproj", "{B5CD6C01-DD16-4D68-AF38-21F589497755}"
EndProject
Project("{FAE04EC0-301F-11D3-BF4B-00C04F79EFBC}") = "FluffySpoon.Ngrok", "FluffySpoon.Ngrok\FluffySpoon.Ngrok.csproj", "{990F562B-0F6D-478E-9E3D-360C5EBFF6C5}"
EndProject
Project("{2150E333-8FDC-42A3-9474-1A3956D46DE8}") = "Root", "Root", "{D57BFAF3-E6AF-453E-82CB-7AAEE0C4D152}"
	ProjectSection(SolutionItems) = preProject
		..\README.md = ..\README.md
		..\.github\workflows\build.yml = ..\.github\workflows\build.yml
	EndProjectSection
EndProject
Global
	GlobalSection(SolutionConfigurationPlatforms) = preSolution
		Debug|Any CPU = Debug|Any CPU
		Release|Any CPU = Release|Any CPU
	EndGlobalSection
	GlobalSection(ProjectConfigurationPlatforms) = postSolution
		{62A22276-8B4B-459B-AAC8-32F4A320CCE5}.Debug|Any CPU.ActiveCfg = Debug|Any CPU
		{62A22276-8B4B-459B-AAC8-32F4A320CCE5}.Debug|Any CPU.Build.0 = Debug|Any CPU
		{62A22276-8B4B-459B-AAC8-32F4A320CCE5}.Release|Any CPU.ActiveCfg = Release|Any CPU
		{62A22276-8B4B-459B-AAC8-32F4A320CCE5}.Release|Any CPU.Build.0 = Release|Any CPU
		{B275FD5F-9CC5-4DDE-8E55-845A187742A0}.Debug|Any CPU.ActiveCfg = Debug|Any CPU
		{B275FD5F-9CC5-4DDE-8E55-845A187742A0}.Debug|Any CPU.Build.0 = Debug|Any CPU
		{B275FD5F-9CC5-4DDE-8E55-845A187742A0}.Release|Any CPU.ActiveCfg = Release|Any CPU
		{B275FD5F-9CC5-4DDE-8E55-845A187742A0}.Release|Any CPU.Build.0 = Release|Any CPU
		{B5CD6C01-DD16-4D68-AF38-21F589497755}.Debug|Any CPU.ActiveCfg = Debug|Any CPU
		{B5CD6C01-DD16-4D68-AF38-21F589497755}.Debug|Any CPU.Build.0 = Debug|Any CPU
		{B5CD6C01-DD16-4D68-AF38-21F589497755}.Release|Any CPU.ActiveCfg = Release|Any CPU
		{B5CD6C01-DD16-4D68-AF38-21F589497755}.Release|Any CPU.Build.0 = Release|Any CPU
		{990F562B-0F6D-478E-9E3D-360C5EBFF6C5}.Debug|Any CPU.ActiveCfg = Debug|Any CPU
		{990F562B-0F6D-478E-9E3D-360C5EBFF6C5}.Debug|Any CPU.Build.0 = Debug|Any CPU
		{990F562B-0F6D-478E-9E3D-360C5EBFF6C5}.Release|Any CPU.ActiveCfg = Release|Any CPU
		{990F562B-0F6D-478E-9E3D-360C5EBFF6C5}.Release|Any CPU.Build.0 = Release|Any CPU
	EndGlobalSection
	GlobalSection(SolutionProperties) = preSolution
		HideSolutionNode = FALSE
	EndGlobalSection
	GlobalSection(ExtensibilityGlobals) = postSolution
		SolutionGuid = {03329965-2AFC-4B22-B7A4-9AAD58FFB0C5}
	EndGlobalSection
EndGlobal
